
Microsoft Visual Studio Solution File, Format Version 12.00
# Visual Studio Version 16
VisualStudioVersion = 16.0.31515.178
MinimumVisualStudioVersion = 10.0.40219.1
Project("{FAE04EC0-301F-11D3-BF4B-00C04F79EFBC}") = "MemberJWTDemo", "MemberJWTDemo.csproj", "{B73D7919-35A4-4AF1-BD75-90377E9BEC1B}"
EndProject
Global
	GlobalSection(SolutionConfigurationPlatforms) = preSolution
		Debug|Any CPU = Debug|Any CPU
		Release|Any CPU = Release|Any CPU
	EndGlobalSection
	GlobalSection(ProjectConfigurationPlatforms) = postSolution
		{B73D7919-35A4-4AF1-BD75-90377E9BEC1B}.Debug|Any CPU.ActiveCfg = Debug|Any CPU
		{B73D7919-35A4-4AF1-BD75-90377E9BEC1B}.Debug|Any CPU.Build.0 = Debug|Any CPU
		{B73D7919-35A4-4AF1-BD75-90377E9BEC1B}.Release|Any CPU.ActiveCfg = Release|Any CPU
		{B73D7919-35A4-4AF1-BD75-90377E9BEC1B}.Release|Any CPU.Build.0 = Release|Any CPU
	EndGlobalSection
	GlobalSection(SolutionProperties) = preSolution
		HideSolutionNode = FALSE
	EndGlobalSection
	GlobalSection(ExtensibilityGlobals) = postSolution
		SolutionGuid = {DEE19D99-C887-4E68-9D23-948081990555}
	EndGlobalSection
EndGlobal
